
Microsoft Visual Studio Solution File, Format Version 12.00
# Visual Studio Version 17
VisualStudioVersion = 17.9.34723.18
MinimumVisualStudioVersion = 10.0.40219.1
Project("{FAE04EC0-301F-11D3-BF4B-00C04F79EFBC}") = "course-sierpinski-pyramid", "course-sierpinski-pyramid.csproj", "{0C5D58B7-787C-474E-A860-70752AFEDD87}"
EndProject
Global
	GlobalSection(SolutionConfigurationPlatforms) = preSolution
		Debug|Any CPU = Debug|Any CPU
		Release|Any CPU = Release|Any CPU
	EndGlobalSection
	GlobalSection(ProjectConfigurationPlatforms) = postSolution
		{0C5D58B7-787C-474E-A860-70752AFEDD87}.Debug|Any CPU.ActiveCfg = Debug|Any CPU
		{0C5D58B7-787C-474E-A860-70752AFEDD87}.Debug|Any CPU.Build.0 = Debug|Any CPU
		{0C5D58B7-787C-474E-A860-70752AFEDD87}.Release|Any CPU.ActiveCfg = Release|Any CPU
		{0C5D58B7-787C-474E-A860-70752AFEDD87}.Release|Any CPU.Build.0 = Release|Any CPU
	EndGlobalSection
	GlobalSection(SolutionProperties) = preSolution
		HideSolutionNode = FALSE
	EndGlobalSection
	GlobalSection(ExtensibilityGlobals) = postSolution
		SolutionGuid = {956C1032-79A1-4A8E-B1FB-F7F8D96E52FC}
	EndGlobalSection
EndGlobal
